
Microsoft Visual Studio Solution File, Format Version 12.00
# Visual Studio Version 16
VisualStudioVersion = 16.0.31005.135
MinimumVisualStudioVersion = 10.0.40219.1
Project("{FAE04EC0-301F-11D3-BF4B-00C04F79EFBC}") = "ACSM.TestesDeSoftware.Features", "ACSM.TestesDeSoftware.Features\ACSM.TestesDeSoftware.Features.csproj", "{0118B94B-ADDD-438F-85A1-0C3A1A04C8CC}"
EndProject
Global
	GlobalSection(SolutionConfigurationPlatforms) = preSolution
		Debug|Any CPU = Debug|Any CPU
		Release|Any CPU = Release|Any CPU
	EndGlobalSection
	GlobalSection(ProjectConfigurationPlatforms) = postSolution
		{0118B94B-ADDD-438F-85A1-0C3A1A04C8CC}.Debug|Any CPU.ActiveCfg = Debug|Any CPU
		{0118B94B-ADDD-438F-85A1-0C3A1A04C8CC}.Debug|Any CPU.Build.0 = Debug|Any CPU
		{0118B94B-ADDD-438F-85A1-0C3A1A04C8CC}.Release|Any CPU.ActiveCfg = Release|Any CPU
		{0118B94B-ADDD-438F-85A1-0C3A1A04C8CC}.Release|Any CPU.Build.0 = Release|Any CPU
	EndGlobalSection
	GlobalSection(SolutionProperties) = preSolution
		HideSolutionNode = FALSE
	EndGlobalSection
	GlobalSection(ExtensibilityGlobals) = postSolution
		SolutionGuid = {EC1A5494-35DA-4AA1-A769-1C22D23FCBE8}
	EndGlobalSection
EndGlobal
